
Microsoft Visual Studio Solution File, Format Version 12.00
# Visual Studio Version 17
VisualStudioVersion = 17.9.34728.123
MinimumVisualStudioVersion = 10.0.40219.1
Project("{9A19103F-16F7-4668-BE54-9A1E7A4F7556}") = "EduWork.WebApi", "EduWork.WebApi\EduWork.WebApi.csproj", "{CF87290A-1A4C-4C46-9DED-1A3578251DEA}"
EndProject
Project("{9A19103F-16F7-4668-BE54-9A1E7A4F7556}") = "EduWork.Data", "EduWork.Data\EduWork.Data.csproj", "{7830A787-4FD3-44B8-A244-9EF22F58D697}"
EndProject
Project("{9A19103F-16F7-4668-BE54-9A1E7A4F7556}") = "EduWork.Domain", "EduWork.BusinessLogic\EduWork.Domain.csproj", "{B67C7DDF-4A88-4D27-BF18-64AC416A28D2}"
EndProject
Project("{9A19103F-16F7-4668-BE54-9A1E7A4F7556}") = "EduWork.UI", "EduWork.UI\EduWork.UI.csproj", "{A55F85C7-31D4-42C4-BDA7-1480D938AC55}"
EndProject
Project("{9A19103F-16F7-4668-BE54-9A1E7A4F7556}") = "EduWork.Common", "EduWork.Common\EduWork.Common.csproj", "{B61974BF-98BC-484C-A25F-E8D9047C8CF0}"
EndProject
Global
	GlobalSection(SolutionConfigurationPlatforms) = preSolution
		Debug|Any CPU = Debug|Any CPU
		Release|Any CPU = Release|Any CPU
	EndGlobalSection
	GlobalSection(ProjectConfigurationPlatforms) = postSolution
		{CF87290A-1A4C-4C46-9DED-1A3578251DEA}.Debug|Any CPU.ActiveCfg = Debug|Any CPU
		{CF87290A-1A4C-4C46-9DED-1A3578251DEA}.Debug|Any CPU.Build.0 = Debug|Any CPU
		{CF87290A-1A4C-4C46-9DED-1A3578251DEA}.Release|Any CPU.ActiveCfg = Release|Any CPU
		{CF87290A-1A4C-4C46-9DED-1A3578251DEA}.Release|Any CPU.Build.0 = Release|Any CPU
		{7830A787-4FD3-44B8-A244-9EF22F58D697}.Debug|Any CPU.ActiveCfg = Debug|Any CPU
		{7830A787-4FD3-44B8-A244-9EF22F58D697}.Debug|Any CPU.Build.0 = Debug|Any CPU
		{7830A787-4FD3-44B8-A244-9EF22F58D697}.Release|Any CPU.ActiveCfg = Release|Any CPU
		{7830A787-4FD3-44B8-A244-9EF22F58D697}.Release|Any CPU.Build.0 = Release|Any CPU
		{B67C7DDF-4A88-4D27-BF18-64AC416A28D2}.Debug|Any CPU.ActiveCfg = Debug|Any CPU
		{B67C7DDF-4A88-4D27-BF18-64AC416A28D2}.Debug|Any CPU.Build.0 = Debug|Any CPU
		{B67C7DDF-4A88-4D27-BF18-64AC416A28D2}.Release|Any CPU.ActiveCfg = Release|Any CPU
		{B67C7DDF-4A88-4D27-BF18-64AC416A28D2}.Release|Any CPU.Build.0 = Release|Any CPU
		{A55F85C7-31D4-42C4-BDA7-1480D938AC55}.Debug|Any CPU.ActiveCfg = Debug|Any CPU
		{A55F85C7-31D4-42C4-BDA7-1480D938AC55}.Debug|Any CPU.Build.0 = Debug|Any CPU
		{A55F85C7-31D4-42C4-BDA7-1480D938AC55}.Release|Any CPU.ActiveCfg = Release|Any CPU
		{A55F85C7-31D4-42C4-BDA7-1480D938AC55}.Release|Any CPU.Build.0 = Release|Any CPU
		{B61974BF-98BC-484C-A25F-E8D9047C8CF0}.Debug|Any CPU.ActiveCfg = Debug|Any CPU
		{B61974BF-98BC-484C-A25F-E8D9047C8CF0}.Debug|Any CPU.Build.0 = Debug|Any CPU
		{B61974BF-98BC-484C-A25F-E8D9047C8CF0}.Release|Any CPU.ActiveCfg = Release|Any CPU
		{B61974BF-98BC-484C-A25F-E8D9047C8CF0}.Release|Any CPU.Build.0 = Release|Any CPU
	EndGlobalSection
	GlobalSection(SolutionProperties) = preSolution
		HideSolutionNode = FALSE
	EndGlobalSection
	GlobalSection(ExtensibilityGlobals) = postSolution
		SolutionGuid = {9849FE07-9666-41C4-B077-E559336FE9D5}
	EndGlobalSection
EndGlobal
